
Microsoft Visual Studio Solution File, Format Version 12.00
# Visual Studio 2013
VisualStudioVersion = 12.0.40629.0
MinimumVisualStudioVersion = 10.0.40219.1
Project("{2150E333-8FDC-42A3-9474-1A3956D46DE8}") = "0-Presentation", "0-Presentation", "{A167BE29-8A16-4DD4-8527-2E7A65D29DD0}"
EndProject
Project("{2150E333-8FDC-42A3-9474-1A3956D46DE8}") = "1-Aplication", "1-Aplication", "{1B746B54-7262-40FF-89A4-8D62A984E5BD}"
EndProject
Project("{2150E333-8FDC-42A3-9474-1A3956D46DE8}") = "2-Domain", "2-Domain", "{451CE15F-C7F5-4B07-826A-5BBDE1CD06E6}"
EndProject
Project("{2150E333-8FDC-42A3-9474-1A3956D46DE8}") = "3-Infra", "3-Infra", "{55942EFD-DAD7-4D25-8CFE-3943B607252F}"
EndProject
Project("{FAE04EC0-301F-11D3-BF4B-00C04F79EFBC}") = "JC-PARK.Domain", "JC-PARK.Domain\JC-PARK.Domain.csproj", "{FD9B52D7-6742-4C89-A043-782A5133B3D7}"
EndProject
Project("{2150E333-8FDC-42A3-9474-1A3956D46DE8}") = "3.1 - Data", "3.1 - Data", "{F8449434-7100-430C-B5D2-8131CE09560D}"
EndProject
Project("{2150E333-8FDC-42A3-9474-1A3956D46DE8}") = "3.2 - CrossCutting", "3.2 - CrossCutting", "{4C54BACE-E0F2-43D9-9C40-C983B6AEBFCF}"
EndProject
Project("{FAE04EC0-301F-11D3-BF4B-00C04F79EFBC}") = "JC-PARK.Infra.Data", "JC-PARK.Infra.Data\JC-PARK.Infra.Data.csproj", "{1870DE20-F692-4A96-9830-EA4B5B63B5CE}"
EndProject
Project("{FAE04EC0-301F-11D3-BF4B-00C04F79EFBC}") = "JC-PARK.Infra.CrossCutting.IoC", "JC-PARK.Infra.CrossCutting.IoC\JC-PARK.Infra.CrossCutting.IoC.csproj", "{9E6FE0EE-1D67-46D3-A473-17F1C14F690F}"
EndProject
Project("{FAE04EC0-301F-11D3-BF4B-00C04F79EFBC}") = "JC-PARK.Aplication", "JC-PARK.Aplication\JC-PARK.Aplication.csproj", "{B95FC8E2-ADAB-48D6-B72C-6F4E75D7DEBD}"
EndProject
Project("{FAE04EC0-301F-11D3-BF4B-00C04F79EFBC}") = "JC-PARK.Web.MVC", "JC-PARK.UI.MVC\JC-PARK.Web.MVC.csproj", "{A5573D8F-E229-4640-855C-3855883302FC}"
EndProject
Project("{FAE04EC0-301F-11D3-BF4B-00C04F79EFBC}") = "JC-Manutencao", "JC-Manutencao\JC-Manutencao.csproj", "{A02C2ACB-CF61-46E1-B388-0D4B4153579A}"
EndProject
Global
	GlobalSection(SolutionConfigurationPlatforms) = preSolution
		Debug|Any CPU = Debug|Any CPU
		Release|Any CPU = Release|Any CPU
	EndGlobalSection
	GlobalSection(ProjectConfigurationPlatforms) = postSolution
		{FD9B52D7-6742-4C89-A043-782A5133B3D7}.Debug|Any CPU.ActiveCfg = Debug|Any CPU
		{FD9B52D7-6742-4C89-A043-782A5133B3D7}.Debug|Any CPU.Build.0 = Debug|Any CPU
		{FD9B52D7-6742-4C89-A043-782A5133B3D7}.Release|Any CPU.ActiveCfg = Release|Any CPU
		{FD9B52D7-6742-4C89-A043-782A5133B3D7}.Release|Any CPU.Build.0 = Release|Any CPU
		{1870DE20-F692-4A96-9830-EA4B5B63B5CE}.Debug|Any CPU.ActiveCfg = Debug|Any CPU
		{1870DE20-F692-4A96-9830-EA4B5B63B5CE}.Debug|Any CPU.Build.0 = Debug|Any CPU
		{1870DE20-F692-4A96-9830-EA4B5B63B5CE}.Release|Any CPU.ActiveCfg = Release|Any CPU
		{1870DE20-F692-4A96-9830-EA4B5B63B5CE}.Release|Any CPU.Build.0 = Release|Any CPU
		{9E6FE0EE-1D67-46D3-A473-17F1C14F690F}.Debug|Any CPU.ActiveCfg = Debug|Any CPU
		{9E6FE0EE-1D67-46D3-A473-17F1C14F690F}.Debug|Any CPU.Build.0 = Debug|Any CPU
		{9E6FE0EE-1D67-46D3-A473-17F1C14F690F}.Release|Any CPU.ActiveCfg = Release|Any CPU
		{9E6FE0EE-1D67-46D3-A473-17F1C14F690F}.Release|Any CPU.Build.0 = Release|Any CPU
		{B95FC8E2-ADAB-48D6-B72C-6F4E75D7DEBD}.Debug|Any CPU.ActiveCfg = Debug|Any CPU
		{B95FC8E2-ADAB-48D6-B72C-6F4E75D7DEBD}.Debug|Any CPU.Build.0 = Debug|Any CPU
		{B95FC8E2-ADAB-48D6-B72C-6F4E75D7DEBD}.Release|Any CPU.ActiveCfg = Release|Any CPU
		{B95FC8E2-ADAB-48D6-B72C-6F4E75D7DEBD}.Release|Any CPU.Build.0 = Release|Any CPU
		{A5573D8F-E229-4640-855C-3855883302FC}.Debug|Any CPU.ActiveCfg = Debug|Any CPU
		{A5573D8F-E229-4640-855C-3855883302FC}.Debug|Any CPU.Build.0 = Debug|Any CPU
		{A5573D8F-E229-4640-855C-3855883302FC}.Release|Any CPU.ActiveCfg = Release|Any CPU
		{A5573D8F-E229-4640-855C-3855883302FC}.Release|Any CPU.Build.0 = Release|Any CPU
		{A02C2ACB-CF61-46E1-B388-0D4B4153579A}.Debug|Any CPU.ActiveCfg = Debug|Any CPU
		{A02C2ACB-CF61-46E1-B388-0D4B4153579A}.Debug|Any CPU.Build.0 = Debug|Any CPU
		{A02C2ACB-CF61-46E1-B388-0D4B4153579A}.Release|Any CPU.ActiveCfg = Release|Any CPU
		{A02C2ACB-CF61-46E1-B388-0D4B4153579A}.Release|Any CPU.Build.0 = Release|Any CPU
	EndGlobalSection
	GlobalSection(SolutionProperties) = preSolution
		HideSolutionNode = FALSE
	EndGlobalSection
	GlobalSection(NestedProjects) = preSolution
		{FD9B52D7-6742-4C89-A043-782A5133B3D7} = {451CE15F-C7F5-4B07-826A-5BBDE1CD06E6}
		{F8449434-7100-430C-B5D2-8131CE09560D} = {55942EFD-DAD7-4D25-8CFE-3943B607252F}
		{4C54BACE-E0F2-43D9-9C40-C983B6AEBFCF} = {55942EFD-DAD7-4D25-8CFE-3943B607252F}
		{1870DE20-F692-4A96-9830-EA4B5B63B5CE} = {F8449434-7100-430C-B5D2-8131CE09560D}
		{9E6FE0EE-1D67-46D3-A473-17F1C14F690F} = {4C54BACE-E0F2-43D9-9C40-C983B6AEBFCF}
		{B95FC8E2-ADAB-48D6-B72C-6F4E75D7DEBD} = {1B746B54-7262-40FF-89A4-8D62A984E5BD}
		{A5573D8F-E229-4640-855C-3855883302FC} = {A167BE29-8A16-4DD4-8527-2E7A65D29DD0}
		{A02C2ACB-CF61-46E1-B388-0D4B4153579A} = {A167BE29-8A16-4DD4-8527-2E7A65D29DD0}
	EndGlobalSection
EndGlobal
